// !$*UTF8*$!
{
	archiveVersion = 1;
	classes = {
	};
	objectVersion = 56;
	objects = {

/* Begin PBXBuildFile section */
		F17B6F642C334DA8002D0A71 /* BackburnerApp.swift in Sources */ = {isa = PBXBuildFile; fileRef = F17B6F632C334DA8002D0A71 /* BackburnerApp.swift */; };
		F17B6F682C334DAA002D0A71 /* Assets.xcassets in Resources */ = {isa = PBXBuildFile; fileRef = F17B6F672C334DAA002D0A71 /* Assets.xcassets */; };
		F17B6F6C2C334DAA002D0A71 /* Preview Assets.xcassets in Resources */ = {isa = PBXBuildFile; fileRef = F17B6F6B2C334DAA002D0A71 /* Preview Assets.xcassets */; };
		F17B6F752C334F47002D0A71 /* Recipe.swift in Sources */ = {isa = PBXBuildFile; fileRef = F17B6F742C334F47002D0A71 /* Recipe.swift */; };
		F1A0348D2C34BC5D00F9140F /* MainView.swift in Sources */ = {isa = PBXBuildFile; fileRef = F1A0348C2C34BC5D00F9140F /* MainView.swift */; };
		F1A0348F2C34BC9D00F9140F /* RecipeFetcherView.swift in Sources */ = {isa = PBXBuildFile; fileRef = F1A0348E2C34BC9D00F9140F /* RecipeFetcherView.swift */; };
		F1A034912C34BD0C00F9140F /* SavedRecipesBrowserView.swift in Sources */ = {isa = PBXBuildFile; fileRef = F1A034902C34BD0C00F9140F /* SavedRecipesBrowserView.swift */; };
		F1A034932C34BD3900F9140F /* RecipeDetailView.swift in Sources */ = {isa = PBXBuildFile; fileRef = F1A034922C34BD3900F9140F /* RecipeDetailView.swift */; };
		F1E454282C5695B8004B5451 /* ShareViewController.swift in Sources */ = {isa = PBXBuildFile; fileRef = F1E454272C5695B8004B5451 /* ShareViewController.swift */; };
		F1E4542B2C5695B8004B5451 /* Base in Resources */ = {isa = PBXBuildFile; fileRef = F1E4542A2C5695B8004B5451 /* Base */; };
		F1E4542F2C5695B8004B5451 /* Fetch New Recipe.appex in Embed Foundation Extensions */ = {isa = PBXBuildFile; fileRef = F1E454252C5695B8004B5451 /* Fetch New Recipe.appex */; settings = {ATTRIBUTES = (RemoveHeadersOnCopy, ); }; };
/* End PBXBuildFile section */

/* Begin PBXContainerItemProxy section */
		F1E4542D2C5695B8004B5451 /* PBXContainerItemProxy */ = {
			isa = PBXContainerItemProxy;
			containerPortal = F17B6F582C334DA8002D0A71 /* Project object */;
			proxyType = 1;
			remoteGlobalIDString = F1E454242C5695B8004B5451;
			remoteInfo = "Fetch New Recipe";
		};
/* End PBXContainerItemProxy section */

/* Begin PBXCopyFilesBuildPhase section */
		F1E454302C5695B8004B5451 /* Embed Foundation Extensions */ = {
			isa = PBXCopyFilesBuildPhase;
			buildActionMask = 2147483647;
			dstPath = "";
			dstSubfolderSpec = 13;
			files = (
				F1E4542F2C5695B8004B5451 /* Fetch New Recipe.appex in Embed Foundation Extensions */,
			);
			name = "Embed Foundation Extensions";
			runOnlyForDeploymentPostprocessing = 0;
		};
/* End PBXCopyFilesBuildPhase section */

/* Begin PBXFileReference section */
		F17B6F602C334DA8002D0A71 /* Backburner.app */ = {isa = PBXFileReference; explicitFileType = wrapper.application; includeInIndex = 0; path = Backburner.app; sourceTree = BUILT_PRODUCTS_DIR; };
		F17B6F632C334DA8002D0A71 /* BackburnerApp.swift */ = {isa = PBXFileReference; lastKnownFileType = sourcecode.swift; path = BackburnerApp.swift; sourceTree = "<group>"; };
		F17B6F672C334DAA002D0A71 /* Assets.xcassets */ = {isa = PBXFileReference; lastKnownFileType = folder.assetcatalog; path = Assets.xcassets; sourceTree = "<group>"; };
		F17B6F692C334DAA002D0A71 /* Backburner.entitlements */ = {isa = PBXFileReference; lastKnownFileType = text.plist.entitlements; path = Backburner.entitlements; sourceTree = "<group>"; };
		F17B6F6B2C334DAA002D0A71 /* Preview Assets.xcassets */ = {isa = PBXFileReference; lastKnownFileType = folder.assetcatalog; path = "Preview Assets.xcassets"; sourceTree = "<group>"; };
		F17B6F742C334F47002D0A71 /* Recipe.swift */ = {isa = PBXFileReference; lastKnownFileType = sourcecode.swift; path = Recipe.swift; sourceTree = "<group>"; };
		F1A0348C2C34BC5D00F9140F /* MainView.swift */ = {isa = PBXFileReference; lastKnownFileType = sourcecode.swift; path = MainView.swift; sourceTree = "<group>"; };
		F1A0348E2C34BC9D00F9140F /* RecipeFetcherView.swift */ = {isa = PBXFileReference; lastKnownFileType = sourcecode.swift; path = RecipeFetcherView.swift; sourceTree = "<group>"; };
		F1A034902C34BD0C00F9140F /* SavedRecipesBrowserView.swift */ = {isa = PBXFileReference; lastKnownFileType = sourcecode.swift; path = SavedRecipesBrowserView.swift; sourceTree = "<group>"; };
		F1A034922C34BD3900F9140F /* RecipeDetailView.swift */ = {isa = PBXFileReference; lastKnownFileType = sourcecode.swift; path = RecipeDetailView.swift; sourceTree = "<group>"; };
		F1E454252C5695B8004B5451 /* Fetch New Recipe.appex */ = {isa = PBXFileReference; explicitFileType = "wrapper.app-extension"; includeInIndex = 0; path = "Fetch New Recipe.appex"; sourceTree = BUILT_PRODUCTS_DIR; };
		F1E454272C5695B8004B5451 /* ShareViewController.swift */ = {isa = PBXFileReference; lastKnownFileType = sourcecode.swift; path = ShareViewController.swift; sourceTree = "<group>"; };
		F1E4542A2C5695B8004B5451 /* Base */ = {isa = PBXFileReference; lastKnownFileType = file.storyboard; name = Base; path = Base.lproj/MainInterface.storyboard; sourceTree = "<group>"; };
		F1E4542C2C5695B8004B5451 /* Info.plist */ = {isa = PBXFileReference; lastKnownFileType = text.plist.xml; path = Info.plist; sourceTree = "<group>"; };
/* End PBXFileReference section */

/* Begin PBXFrameworksBuildPhase section */
		F17B6F5D2C334DA8002D0A71 /* Frameworks */ = {
			isa = PBXFrameworksBuildPhase;
			buildActionMask = 2147483647;
			files = (
			);
			runOnlyForDeploymentPostprocessing = 0;
		};
		F1E454222C5695B8004B5451 /* Frameworks */ = {
			isa = PBXFrameworksBuildPhase;
			buildActionMask = 2147483647;
			files = (
			);
			runOnlyForDeploymentPostprocessing = 0;
		};
/* End PBXFrameworksBuildPhase section */

/* Begin PBXGroup section */
		F17B6F572C334DA8002D0A71 = {
			isa = PBXGroup;
			children = (
				F17B6F622C334DA8002D0A71 /* Backburner */,
				F1E454262C5695B8004B5451 /* Fetch New Recipe */,
				F17B6F612C334DA8002D0A71 /* Products */,
			);
			sourceTree = "<group>";
		};
		F17B6F612C334DA8002D0A71 /* Products */ = {
			isa = PBXGroup;
			children = (
				F17B6F602C334DA8002D0A71 /* Backburner.app */,
				F1E454252C5695B8004B5451 /* Fetch New Recipe.appex */,
			);
			name = Products;
			sourceTree = "<group>";
		};
		F17B6F622C334DA8002D0A71 /* Backburner */ = {
			isa = PBXGroup;
			children = (
				F17B6F632C334DA8002D0A71 /* BackburnerApp.swift */,
				F1A034922C34BD3900F9140F /* RecipeDetailView.swift */,
				F1A0348C2C34BC5D00F9140F /* MainView.swift */,
				F1A0348E2C34BC9D00F9140F /* RecipeFetcherView.swift */,
				F1A034902C34BD0C00F9140F /* SavedRecipesBrowserView.swift */,
				F17B6F742C334F47002D0A71 /* Recipe.swift */,
				F17B6F672C334DAA002D0A71 /* Assets.xcassets */,
				F17B6F692C334DAA002D0A71 /* Backburner.entitlements */,
				F17B6F6A2C334DAA002D0A71 /* Preview Content */,
			);
			path = Backburner;
			sourceTree = "<group>";
		};
		F17B6F6A2C334DAA002D0A71 /* Preview Content */ = {
			isa = PBXGroup;
			children = (
				F17B6F6B2C334DAA002D0A71 /* Preview Assets.xcassets */,
			);
			path = "Preview Content";
			sourceTree = "<group>";
		};
		F1E454262C5695B8004B5451 /* Fetch New Recipe */ = {
			isa = PBXGroup;
			children = (
				F1E454272C5695B8004B5451 /* ShareViewController.swift */,
				F1E454292C5695B8004B5451 /* MainInterface.storyboard */,
				F1E4542C2C5695B8004B5451 /* Info.plist */,
			);
			path = "Fetch New Recipe";
			sourceTree = "<group>";
		};
/* End PBXGroup section */

/* Begin PBXNativeTarget section */
		F17B6F5F2C334DA8002D0A71 /* Backburner */ = {
			isa = PBXNativeTarget;
			buildConfigurationList = F17B6F6F2C334DAA002D0A71 /* Build configuration list for PBXNativeTarget "Backburner" */;
			buildPhases = (
				F17B6F5C2C334DA8002D0A71 /* Sources */,
				F17B6F5D2C334DA8002D0A71 /* Frameworks */,
				F17B6F5E2C334DA8002D0A71 /* Resources */,
				F1E454302C5695B8004B5451 /* Embed Foundation Extensions */,
			);
			buildRules = (
			);
			dependencies = (
				F1E4542E2C5695B8004B5451 /* PBXTargetDependency */,
			);
			name = Backburner;
			productName = Backburner;
			productReference = F17B6F602C334DA8002D0A71 /* Backburner.app */;
			productType = "com.apple.product-type.application";
		};
		F1E454242C5695B8004B5451 /* Fetch New Recipe */ = {
			isa = PBXNativeTarget;
			buildConfigurationList = F1E454332C5695B8004B5451 /* Build configuration list for PBXNativeTarget "Fetch New Recipe" */;
			buildPhases = (
				F1E454212C5695B8004B5451 /* Sources */,
				F1E454222C5695B8004B5451 /* Frameworks */,
				F1E454232C5695B8004B5451 /* Resources */,
			);
			buildRules = (
			);
			dependencies = (
			);
			name = "Fetch New Recipe";
			productName = "Fetch New Recipe";
			productReference = F1E454252C5695B8004B5451 /* Fetch New Recipe.appex */;
			productType = "com.apple.product-type.app-extension";
		};
/* End PBXNativeTarget section */

/* Begin PBXProject section */
		F17B6F582C334DA8002D0A71 /* Project object */ = {
			isa = PBXProject;
			attributes = {
				BuildIndependentTargetsInParallel = 1;
				LastSwiftUpdateCheck = 1540;
				LastUpgradeCheck = 1540;
				TargetAttributes = {
					F17B6F5F2C334DA8002D0A71 = {
						CreatedOnToolsVersion = 14.3.1;
					};
					F1E454242C5695B8004B5451 = {
						CreatedOnToolsVersion = 15.4;
					};
				};
			};
			buildConfigurationList = F17B6F5B2C334DA8002D0A71 /* Build configuration list for PBXProject "Backburner" */;
			compatibilityVersion = "Xcode 14.0";
			developmentRegion = en;
			hasScannedForEncodings = 0;
			knownRegions = (
				en,
				Base,
			);
			mainGroup = F17B6F572C334DA8002D0A71;
			productRefGroup = F17B6F612C334DA8002D0A71 /* Products */;
			projectDirPath = "";
			projectRoot = "";
			targets = (
				F17B6F5F2C334DA8002D0A71 /* Backburner */,
				F1E454242C5695B8004B5451 /* Fetch New Recipe */,
			);
		};
/* End PBXProject section */

/* Begin PBXResourcesBuildPhase section */
		F17B6F5E2C334DA8002D0A71 /* Resources */ = {
			isa = PBXResourcesBuildPhase;
			buildActionMask = 2147483647;
			files = (
				F17B6F6C2C334DAA002D0A71 /* Preview Assets.xcassets in Resources */,
				F17B6F682C334DAA002D0A71 /* Assets.xcassets in Resources */,
			);
			runOnlyForDeploymentPostprocessing = 0;
		};
		F1E454232C5695B8004B5451 /* Resources */ = {
			isa = PBXResourcesBuildPhase;
			buildActionMask = 2147483647;
			files = (
				F1E4542B2C5695B8004B5451 /* Base in Resources */,
			);
			runOnlyForDeploymentPostprocessing = 0;
		};
/* End PBXResourcesBuildPhase section */

/* Begin PBXSourcesBuildPhase section */
		F17B6F5C2C334DA8002D0A71 /* Sources */ = {
			isa = PBXSourcesBuildPhase;
			buildActionMask = 2147483647;
			files = (
				F1A034932C34BD3900F9140F /* RecipeDetailView.swift in Sources */,
				F17B6F752C334F47002D0A71 /* Recipe.swift in Sources */,
				F1A0348D2C34BC5D00F9140F /* MainView.swift in Sources */,
				F1A0348F2C34BC9D00F9140F /* RecipeFetcherView.swift in Sources */,
				F17B6F642C334DA8002D0A71 /* BackburnerApp.swift in Sources */,
				F1A034912C34BD0C00F9140F /* SavedRecipesBrowserView.swift in Sources */,
			);
			runOnlyForDeploymentPostprocessing = 0;
		};
		F1E454212C5695B8004B5451 /* Sources */ = {
			isa = PBXSourcesBuildPhase;
			buildActionMask = 2147483647;
			files = (
				F1E454282C5695B8004B5451 /* ShareViewController.swift in Sources */,
			);
			runOnlyForDeploymentPostprocessing = 0;
		};
/* End PBXSourcesBuildPhase section */

/* Begin PBXTargetDependency section */
		F1E4542E2C5695B8004B5451 /* PBXTargetDependency */ = {
			isa = PBXTargetDependency;
			target = F1E454242C5695B8004B5451 /* Fetch New Recipe */;
			targetProxy = F1E4542D2C5695B8004B5451 /* PBXContainerItemProxy */;
		};
/* End PBXTargetDependency section */

/* Begin PBXVariantGroup section */
		F1E454292C5695B8004B5451 /* MainInterface.storyboard */ = {
			isa = PBXVariantGroup;
			children = (
				F1E4542A2C5695B8004B5451 /* Base */,
			);
			name = MainInterface.storyboard;
			sourceTree = "<group>";
		};
/* End PBXVariantGroup section */

/* Begin XCBuildConfiguration section */
		F17B6F6D2C334DAA002D0A71 /* Debug */ = {
			isa = XCBuildConfiguration;
			buildSettings = {
				ALWAYS_SEARCH_USER_PATHS = NO;
				CLANG_ANALYZER_NONNULL = YES;
				CLANG_ANALYZER_NUMBER_OBJECT_CONVERSION = YES_AGGRESSIVE;
				CLANG_CXX_LANGUAGE_STANDARD = "gnu++20";
				CLANG_ENABLE_MODULES = YES;
				CLANG_ENABLE_OBJC_ARC = YES;
				CLANG_ENABLE_OBJC_WEAK = YES;
				CLANG_WARN_BLOCK_CAPTURE_AUTORELEASING = YES;
				CLANG_WARN_BOOL_CONVERSION = YES;
				CLANG_WARN_COMMA = YES;
				CLANG_WARN_CONSTANT_CONVERSION = YES;
				CLANG_WARN_DEPRECATED_OBJC_IMPLEMENTATIONS = YES;
				CLANG_WARN_DIRECT_OBJC_ISA_USAGE = YES_ERROR;
				CLANG_WARN_DOCUMENTATION_COMMENTS = YES;
				CLANG_WARN_EMPTY_BODY = YES;
				CLANG_WARN_ENUM_CONVERSION = YES;
				CLANG_WARN_INFINITE_RECURSION = YES;
				CLANG_WARN_INT_CONVERSION = YES;
				CLANG_WARN_NON_LITERAL_NULL_CONVERSION = YES;
				CLANG_WARN_OBJC_IMPLICIT_RETAIN_SELF = YES;
				CLANG_WARN_OBJC_LITERAL_CONVERSION = YES;
				CLANG_WARN_OBJC_ROOT_CLASS = YES_ERROR;
				CLANG_WARN_QUOTED_INCLUDE_IN_FRAMEWORK_HEADER = YES;
				CLANG_WARN_RANGE_LOOP_ANALYSIS = YES;
				CLANG_WARN_STRICT_PROTOTYPES = YES;
				CLANG_WARN_SUSPICIOUS_MOVE = YES;
				CLANG_WARN_UNGUARDED_AVAILABILITY = YES_AGGRESSIVE;
				CLANG_WARN_UNREACHABLE_CODE = YES;
				CLANG_WARN__DUPLICATE_METHOD_MATCH = YES;
				COPY_PHASE_STRIP = NO;
				DEAD_CODE_STRIPPING = YES;
				DEBUG_INFORMATION_FORMAT = dwarf;
				ENABLE_STRICT_OBJC_MSGSEND = YES;
				ENABLE_TESTABILITY = YES;
				ENABLE_USER_SCRIPT_SANDBOXING = YES;
				GCC_C_LANGUAGE_STANDARD = gnu11;
				GCC_DYNAMIC_NO_PIC = NO;
				GCC_NO_COMMON_BLOCKS = YES;
				GCC_OPTIMIZATION_LEVEL = 0;
				GCC_PREPROCESSOR_DEFINITIONS = (
					"DEBUG=1",
					"$(inherited)",
				);
				GCC_WARN_64_TO_32_BIT_CONVERSION = YES;
				GCC_WARN_ABOUT_RETURN_TYPE = YES_ERROR;
				GCC_WARN_UNDECLARED_SELECTOR = YES;
				GCC_WARN_UNINITIALIZED_AUTOS = YES_AGGRESSIVE;
				GCC_WARN_UNUSED_FUNCTION = YES;
				GCC_WARN_UNUSED_VARIABLE = YES;
				MTL_ENABLE_DEBUG_INFO = INCLUDE_SOURCE;
				MTL_FAST_MATH = YES;
				ONLY_ACTIVE_ARCH = YES;
				SWIFT_ACTIVE_COMPILATION_CONDITIONS = DEBUG;
				SWIFT_OPTIMIZATION_LEVEL = "-Onone";
			};
			name = Debug;
		};
		F17B6F6E2C334DAA002D0A71 /* Release */ = {
			isa = XCBuildConfiguration;
			buildSettings = {
				ALWAYS_SEARCH_USER_PATHS = NO;
				CLANG_ANALYZER_NONNULL = YES;
				CLANG_ANALYZER_NUMBER_OBJECT_CONVERSION = YES_AGGRESSIVE;
				CLANG_CXX_LANGUAGE_STANDARD = "gnu++20";
				CLANG_ENABLE_MODULES = YES;
				CLANG_ENABLE_OBJC_ARC = YES;
				CLANG_ENABLE_OBJC_WEAK = YES;
				CLANG_WARN_BLOCK_CAPTURE_AUTORELEASING = YES;
				CLANG_WARN_BOOL_CONVERSION = YES;
				CLANG_WARN_COMMA = YES;
				CLANG_WARN_CONSTANT_CONVERSION = YES;
				CLANG_WARN_DEPRECATED_OBJC_IMPLEMENTATIONS = YES;
				CLANG_WARN_DIRECT_OBJC_ISA_USAGE = YES_ERROR;
				CLANG_WARN_DOCUMENTATION_COMMENTS = YES;
				CLANG_WARN_EMPTY_BODY = YES;
				CLANG_WARN_ENUM_CONVERSION = YES;
				CLANG_WARN_INFINITE_RECURSION = YES;
				CLANG_WARN_INT_CONVERSION = YES;
				CLANG_WARN_NON_LITERAL_NULL_CONVERSION = YES;
				CLANG_WARN_OBJC_IMPLICIT_RETAIN_SELF = YES;
				CLANG_WARN_OBJC_LITERAL_CONVERSION = YES;
				CLANG_WARN_OBJC_ROOT_CLASS = YES_ERROR;
				CLANG_WARN_QUOTED_INCLUDE_IN_FRAMEWORK_HEADER = YES;
				CLANG_WARN_RANGE_LOOP_ANALYSIS = YES;
				CLANG_WARN_STRICT_PROTOTYPES = YES;
				CLANG_WARN_SUSPICIOUS_MOVE = YES;
				CLANG_WARN_UNGUARDED_AVAILABILITY = YES_AGGRESSIVE;
				CLANG_WARN_UNREACHABLE_CODE = YES;
				CLANG_WARN__DUPLICATE_METHOD_MATCH = YES;
				COPY_PHASE_STRIP = NO;
				DEAD_CODE_STRIPPING = YES;
				DEBUG_INFORMATION_FORMAT = "dwarf-with-dsym";
				ENABLE_NS_ASSERTIONS = NO;
				ENABLE_STRICT_OBJC_MSGSEND = YES;
				ENABLE_USER_SCRIPT_SANDBOXING = YES;
				GCC_C_LANGUAGE_STANDARD = gnu11;
				GCC_NO_COMMON_BLOCKS = YES;
				GCC_WARN_64_TO_32_BIT_CONVERSION = YES;
				GCC_WARN_ABOUT_RETURN_TYPE = YES_ERROR;
				GCC_WARN_UNDECLARED_SELECTOR = YES;
				GCC_WARN_UNINITIALIZED_AUTOS = YES_AGGRESSIVE;
				GCC_WARN_UNUSED_FUNCTION = YES;
				GCC_WARN_UNUSED_VARIABLE = YES;
				MTL_ENABLE_DEBUG_INFO = NO;
				MTL_FAST_MATH = YES;
				SWIFT_COMPILATION_MODE = wholemodule;
				SWIFT_OPTIMIZATION_LEVEL = "-O";
			};
			name = Release;
		};
		F17B6F702C334DAA002D0A71 /* Debug */ = {
			isa = XCBuildConfiguration;
			buildSettings = {
				ALWAYS_EMBED_SWIFT_STANDARD_LIBRARIES = YES;
				ASSETCATALOG_COMPILER_APPICON_NAME = AppIcon;
				ASSETCATALOG_COMPILER_GLOBAL_ACCENT_COLOR_NAME = AccentColor;
				CODE_SIGN_ENTITLEMENTS = Backburner/Backburner.entitlements;
				CODE_SIGN_STYLE = Automatic;
				CURRENT_PROJECT_VERSION = 1;
				DEAD_CODE_STRIPPING = YES;
				DEVELOPMENT_ASSET_PATHS = "\"Backburner/Preview Content\"";
				DEVELOPMENT_TEAM = U7PP36WG8W;
				ENABLE_PREVIEWS = YES;
				GENERATE_INFOPLIST_FILE = YES;
				"INFOPLIST_KEY_UIApplicationSceneManifest_Generation[sdk=iphoneos*]" = YES;
				"INFOPLIST_KEY_UIApplicationSceneManifest_Generation[sdk=iphonesimulator*]" = YES;
				"INFOPLIST_KEY_UIApplicationSupportsIndirectInputEvents[sdk=iphoneos*]" = YES;
				"INFOPLIST_KEY_UIApplicationSupportsIndirectInputEvents[sdk=iphonesimulator*]" = YES;
				"INFOPLIST_KEY_UILaunchScreen_Generation[sdk=iphoneos*]" = YES;
				"INFOPLIST_KEY_UILaunchScreen_Generation[sdk=iphonesimulator*]" = YES;
				"INFOPLIST_KEY_UIStatusBarStyle[sdk=iphoneos*]" = UIStatusBarStyleDefault;
				"INFOPLIST_KEY_UIStatusBarStyle[sdk=iphonesimulator*]" = UIStatusBarStyleDefault;
				INFOPLIST_KEY_UISupportedInterfaceOrientations_iPad = "UIInterfaceOrientationPortrait UIInterfaceOrientationPortraitUpsideDown UIInterfaceOrientationLandscapeLeft UIInterfaceOrientationLandscapeRight";
				INFOPLIST_KEY_UISupportedInterfaceOrientations_iPhone = "UIInterfaceOrientationPortrait UIInterfaceOrientationLandscapeLeft UIInterfaceOrientationLandscapeRight";
				IPHONEOS_DEPLOYMENT_TARGET = 16.4;
				LD_RUNPATH_SEARCH_PATHS = "@executable_path/Frameworks";
				"LD_RUNPATH_SEARCH_PATHS[sdk=macosx*]" = "@executable_path/../Frameworks";
				MACOSX_DEPLOYMENT_TARGET = 13.3;
				MARKETING_VERSION = 1.0;
				PRODUCT_BUNDLE_IDENTIFIER = com.mikavohl.Backburner;
				PRODUCT_NAME = "$(TARGET_NAME)";
				SDKROOT = auto;
				SUPPORTED_PLATFORMS = "iphoneos iphonesimulator";
				SUPPORTS_MACCATALYST = NO;
				SWIFT_EMIT_LOC_STRINGS = YES;
				SWIFT_VERSION = 5.0;
				TARGETED_DEVICE_FAMILY = "1,2";
			};
			name = Debug;
		};
		F17B6F712C334DAA002D0A71 /* Release */ = {
			isa = XCBuildConfiguration;
			buildSettings = {
				ALWAYS_EMBED_SWIFT_STANDARD_LIBRARIES = YES;
				ASSETCATALOG_COMPILER_APPICON_NAME = AppIcon;
				ASSETCATALOG_COMPILER_GLOBAL_ACCENT_COLOR_NAME = AccentColor;
				CODE_SIGN_ENTITLEMENTS = Backburner/Backburner.entitlements;
				CODE_SIGN_STYLE = Automatic;
				CURRENT_PROJECT_VERSION = 1;
				DEAD_CODE_STRIPPING = YES;
				DEVELOPMENT_ASSET_PATHS = "\"Backburner/Preview Content\"";
				DEVELOPMENT_TEAM = U7PP36WG8W;
				ENABLE_PREVIEWS = YES;
				GENERATE_INFOPLIST_FILE = YES;
				"INFOPLIST_KEY_UIApplicationSceneManifest_Generation[sdk=iphoneos*]" = YES;
				"INFOPLIST_KEY_UIApplicationSceneManifest_Generation[sdk=iphonesimulator*]" = YES;
				"INFOPLIST_KEY_UIApplicationSupportsIndirectInputEvents[sdk=iphoneos*]" = YES;
				"INFOPLIST_KEY_UIApplicationSupportsIndirectInputEvents[sdk=iphonesimulator*]" = YES;
				"INFOPLIST_KEY_UILaunchScreen_Generation[sdk=iphoneos*]" = YES;
				"INFOPLIST_KEY_UILaunchScreen_Generation[sdk=iphonesimulator*]" = YES;
				"INFOPLIST_KEY_UIStatusBarStyle[sdk=iphoneos*]" = UIStatusBarStyleDefault;
				"INFOPLIST_KEY_UIStatusBarStyle[sdk=iphonesimulator*]" = UIStatusBarStyleDefault;
				INFOPLIST_KEY_UISupportedInterfaceOrientations_iPad = "UIInterfaceOrientationPortrait UIInterfaceOrientationPortraitUpsideDown UIInterfaceOrientationLandscapeLeft UIInterfaceOrientationLandscapeRight";
				INFOPLIST_KEY_UISupportedInterfaceOrientations_iPhone = "UIInterfaceOrientationPortrait UIInterfaceOrientationLandscapeLeft UIInterfaceOrientationLandscapeRight";
				IPHONEOS_DEPLOYMENT_TARGET = 16.4;
				LD_RUNPATH_SEARCH_PATHS = "@executable_path/Frameworks";
				"LD_RUNPATH_SEARCH_PATHS[sdk=macosx*]" = "@executable_path/../Frameworks";
				MACOSX_DEPLOYMENT_TARGET = 13.3;
				MARKETING_VERSION = 1.0;
				PRODUCT_BUNDLE_IDENTIFIER = com.mikavohl.Backburner;
				PRODUCT_NAME = "$(TARGET_NAME)";
				SDKROOT = auto;
				SUPPORTED_PLATFORMS = "iphoneos iphonesimulator";
				SUPPORTS_MACCATALYST = NO;
				SWIFT_EMIT_LOC_STRINGS = YES;
				SWIFT_VERSION = 5.0;
				TARGETED_DEVICE_FAMILY = "1,2";
			};
			name = Release;
		};
		F1E454312C5695B8004B5451 /* Debug */ = {
			isa = XCBuildConfiguration;
			buildSettings = {
				ASSETCATALOG_COMPILER_GENERATE_SWIFT_ASSET_SYMBOL_EXTENSIONS = YES;
				CODE_SIGN_STYLE = Automatic;
				CURRENT_PROJECT_VERSION = 1;
				DEVELOPMENT_TEAM = U7PP36WG8W;
				GCC_C_LANGUAGE_STANDARD = gnu17;
				GENERATE_INFOPLIST_FILE = YES;
				INFOPLIST_FILE = "Fetch New Recipe/Info.plist";
				INFOPLIST_KEY_CFBundleDisplayName = "Fetch New Recipe";
				INFOPLIST_KEY_NSHumanReadableCopyright = "";
				IPHONEOS_DEPLOYMENT_TARGET = 17.5;
				LD_RUNPATH_SEARCH_PATHS = (
					"$(inherited)",
					"@executable_path/Frameworks",
					"@executable_path/../../Frameworks",
				);
				LOCALIZATION_PREFERS_STRING_CATALOGS = YES;
				MARKETING_VERSION = 1.0;
				PRODUCT_BUNDLE_IDENTIFIER = "com.mikavohl.Backburner.Fetch-New-Recipe";
				PRODUCT_NAME = "$(TARGET_NAME)";
				SDKROOT = iphoneos;
				SKIP_INSTALL = YES;
				SWIFT_ACTIVE_COMPILATION_CONDITIONS = "DEBUG $(inherited)";
				SWIFT_EMIT_LOC_STRINGS = YES;
				SWIFT_VERSION = 5.0;
				TARGETED_DEVICE_FAMILY = "1,2";
			};
			name = Debug;
		};
		F1E454322C5695B8004B5451 /* Release */ = {
			isa = XCBuildConfiguration;
			buildSettings = {
				ASSETCATALOG_COMPILER_GENERATE_SWIFT_ASSET_SYMBOL_EXTENSIONS = YES;
				CODE_SIGN_STYLE = Automatic;
				CURRENT_PROJECT_VERSION = 1;
				DEVELOPMENT_TEAM = U7PP36WG8W;
				GCC_C_LANGUAGE_STANDARD = gnu17;
				GENERATE_INFOPLIST_FILE = YES;
				INFOPLIST_FILE = "Fetch New Recipe/Info.plist";
				INFOPLIST_KEY_CFBundleDisplayName = "Fetch New Recipe";
				INFOPLIST_KEY_NSHumanReadableCopyright = "";
				IPHONEOS_DEPLOYMENT_TARGET = 17.5;
				LD_RUNPATH_SEARCH_PATHS = (
					"$(inherited)",
					"@executable_path/Frameworks",
					"@executable_path/../../Frameworks",
				);
				LOCALIZATION_PREFERS_STRING_CATALOGS = YES;
				MARKETING_VERSION = 1.0;
				PRODUCT_BUNDLE_IDENTIFIER = "com.mikavohl.Backburner.Fetch-New-Recipe";
				PRODUCT_NAME = "$(TARGET_NAME)";
				SDKROOT = iphoneos;
				SKIP_INSTALL = YES;
				SWIFT_EMIT_LOC_STRINGS = YES;
				SWIFT_VERSION = 5.0;
				TARGETED_DEVICE_FAMILY = "1,2";
				VALIDATE_PRODUCT = YES;
			};
			name = Release;
		};
/* End XCBuildConfiguration section */

/* Begin XCConfigurationList section */
		F17B6F5B2C334DA8002D0A71 /* Build configuration list for PBXProject "Backburner" */ = {
			isa = XCConfigurationList;
			buildConfigurations = (
				F17B6F6D2C334DAA002D0A71 /* Debug */,
				F17B6F6E2C334DAA002D0A71 /* Release */,
			);
			defaultConfigurationIsVisible = 0;
			defaultConfigurationName = Release;
		};
		F17B6F6F2C334DAA002D0A71 /* Build configuration list for PBXNativeTarget "Backburner" */ = {
			isa = XCConfigurationList;
			buildConfigurations = (
				F17B6F702C334DAA002D0A71 /* Debug */,
				F17B6F712C334DAA002D0A71 /* Release */,
			);
			defaultConfigurationIsVisible = 0;
			defaultConfigurationName = Release;
		};
		F1E454332C5695B8004B5451 /* Build configuration list for PBXNativeTarget "Fetch New Recipe" */ = {
			isa = XCConfigurationList;
			buildConfigurations = (
				F1E454312C5695B8004B5451 /* Debug */,
				F1E454322C5695B8004B5451 /* Release */,
			);
			defaultConfigurationIsVisible = 0;
			defaultConfigurationName = Release;
		};
/* End XCConfigurationList section */
	};
	rootObject = F17B6F582C334DA8002D0A71 /* Project object */;
}
